
Microsoft Visual Studio Solution File, Format Version 12.00
# Visual Studio Version 17
VisualStudioVersion = 17.7.34003.232
MinimumVisualStudioVersion = 10.0.40219.1
Project("{9A19103F-16F7-4668-BE54-9A1E7A4F7556}") = "SRP", "SRP\SRP.csproj", "{FC73E097-DC81-4C79-BE51-0ECB44279D0A}"
EndProject
Project("{9A19103F-16F7-4668-BE54-9A1E7A4F7556}") = "OCP", "OCP\OCP.csproj", "{EC113D4D-3BBD-41F8-9A47-640EFF27ED32}"
EndProject
Project("{FAE04EC0-301F-11D3-BF4B-00C04F79EFBC}") = "LSP", "LSP\LSP.csproj", "{C442BF3A-6C26-4108-A063-FAF6A1BBCE30}"
EndProject
Global
	GlobalSection(SolutionConfigurationPlatforms) = preSolution
		Debug|Any CPU = Debug|Any CPU
		Release|Any CPU = Release|Any CPU
	EndGlobalSection
	GlobalSection(ProjectConfigurationPlatforms) = postSolution
		{FC73E097-DC81-4C79-BE51-0ECB44279D0A}.Debug|Any CPU.ActiveCfg = Debug|Any CPU
		{FC73E097-DC81-4C79-BE51-0ECB44279D0A}.Debug|Any CPU.Build.0 = Debug|Any CPU
		{FC73E097-DC81-4C79-BE51-0ECB44279D0A}.Release|Any CPU.ActiveCfg = Release|Any CPU
		{FC73E097-DC81-4C79-BE51-0ECB44279D0A}.Release|Any CPU.Build.0 = Release|Any CPU
		{EC113D4D-3BBD-41F8-9A47-640EFF27ED32}.Debug|Any CPU.ActiveCfg = Debug|Any CPU
		{EC113D4D-3BBD-41F8-9A47-640EFF27ED32}.Debug|Any CPU.Build.0 = Debug|Any CPU
		{EC113D4D-3BBD-41F8-9A47-640EFF27ED32}.Release|Any CPU.ActiveCfg = Release|Any CPU
		{EC113D4D-3BBD-41F8-9A47-640EFF27ED32}.Release|Any CPU.Build.0 = Release|Any CPU
		{C442BF3A-6C26-4108-A063-FAF6A1BBCE30}.Debug|Any CPU.ActiveCfg = Debug|Any CPU
		{C442BF3A-6C26-4108-A063-FAF6A1BBCE30}.Debug|Any CPU.Build.0 = Debug|Any CPU
		{C442BF3A-6C26-4108-A063-FAF6A1BBCE30}.Release|Any CPU.ActiveCfg = Release|Any CPU
		{C442BF3A-6C26-4108-A063-FAF6A1BBCE30}.Release|Any CPU.Build.0 = Release|Any CPU
	EndGlobalSection
	GlobalSection(SolutionProperties) = preSolution
		HideSolutionNode = FALSE
	EndGlobalSection
	GlobalSection(ExtensibilityGlobals) = postSolution
		SolutionGuid = {58937192-E2FA-4F23-BDD7-C49B03D81F54}
	EndGlobalSection
EndGlobal
